
Microsoft Visual Studio Solution File, Format Version 12.00
# Visual Studio Version 17
VisualStudioVersion = 17.9.34723.18
MinimumVisualStudioVersion = 10.0.40219.1
Project("{FAE04EC0-301F-11D3-BF4B-00C04F79EFBC}") = "WebCrudMVCSQL", "WebCrudMVCSQL\WebCrudMVCSQL.csproj", "{7E62D7A2-30D1-4897-B58C-B9943523B865}"
EndProject
Global
	GlobalSection(SolutionConfigurationPlatforms) = preSolution
		Debug|Any CPU = Debug|Any CPU
		Release|Any CPU = Release|Any CPU
	EndGlobalSection
	GlobalSection(ProjectConfigurationPlatforms) = postSolution
		{7E62D7A2-30D1-4897-B58C-B9943523B865}.Debug|Any CPU.ActiveCfg = Debug|Any CPU
		{7E62D7A2-30D1-4897-B58C-B9943523B865}.Debug|Any CPU.Build.0 = Debug|Any CPU
		{7E62D7A2-30D1-4897-B58C-B9943523B865}.Release|Any CPU.ActiveCfg = Release|Any CPU
		{7E62D7A2-30D1-4897-B58C-B9943523B865}.Release|Any CPU.Build.0 = Release|Any CPU
	EndGlobalSection
	GlobalSection(SolutionProperties) = preSolution
		HideSolutionNode = FALSE
	EndGlobalSection
	GlobalSection(ExtensibilityGlobals) = postSolution
		SolutionGuid = {5DA5AE22-4F95-40F8-877E-18C924D8C710}
	EndGlobalSection
EndGlobal
